{
  "name": "@s7x/base-helpers",
  "version": "1.0.0",
  "lockfileVersion": 1,
  "requires": true,
  "dependencies": {
    "joi-to-swagger": {
      "version": "3.1.0",
      "resolved": "https://registry.npmjs.org/joi-to-swagger/-/joi-to-swagger-3.1.0.tgz",
      "integrity": "sha512-1xlfES+j5AdBYXR+IBYGQhYmvYXN+P6z3fgQpsf0ashQXFvpo59B+E3IuuUVMX1mfgL2us+yQ2zI/rhnYa732A==",
      "requires": {
        "lodash.find": "^4.0.0",
        "lodash.get": "^4.0.2",
        "lodash.merge": "~4.6.1",
        "lodash.set": "~4.3.2"
      }
    },
    "lodash.find": {
      "version": "4.6.0",
      "resolved": "https://registry.npmjs.org/lodash.find/-/lodash.find-4.6.0.tgz",
      "integrity": "sha1-ywcE1Hq3F4n/oN6Ll92Sb7iLE7E="
    },
    "lodash.get": {
      "version": "4.4.2",
      "resolved": "https://registry.npmjs.org/lodash.get/-/lodash.get-4.4.2.tgz",
      "integrity": "sha1-LRd/ZS+jHpObRDjVNBSZ36OCXpk="
    },
    "lodash.merge": {
      "version": "4.6.2",
      "resolved": "https://registry.npmjs.org/lodash.merge/-/lodash.merge-4.6.2.tgz",
      "integrity": "sha512-0KpjqXRVvrYyCsX1swR/XTK0va6VQkQM6MNo7PqW77ByjAhoARA8EfrP1N4+KlKj8YS0ZUCtRT/YUuhyYDujIQ=="
    },
    "lodash.set": {
      "version": "4.3.2",
      "resolved": "https://registry.npmjs.org/lodash.set/-/lodash.set-4.3.2.tgz",
      "integrity": "sha1-2HV7HagH3eJIFrDWqEvqGnYjCyM="
    }
  }
}
